# This file is automatically @generated by Cargo.
# It is not intended for manual editing.
[[package]]
name = "approx"
version = "0.3.2"
source = "registry+https://github.com/rust-lang/crates.io-index"
dependencies = [
 "num-traits 0.2.14 (registry+https://github.com/rust-lang/crates.io-index)",
]

[[package]]
name = "arrayvec"
version = "0.4.12"
source = "registry+https://github.com/rust-lang/crates.io-index"
dependencies = [
 "nodrop 0.1.14 (registry+https://github.com/rust-lang/crates.io-index)",
]

[[package]]
name = "autocfg"
version = "1.0.1"
source = "registry+https://github.com/rust-lang/crates.io-index"

[[package]]
name = "bitflags"
version = "1.2.1"
source = "registry+https://github.com/rust-lang/crates.io-index"

[[package]]
name = "byteorder"
version = "1.4.2"
source = "registry+https://github.com/rust-lang/crates.io-index"

[[package]]
name = "coreboot-table"
version = "0.1.6"
source = "git+https://gitlab.redox-os.org/redox-os/coreboot-table.git#df19cf3dc77fa827cc920c5e29b919c1e5029dc1"

[[package]]
name = "memoffset"
version = "0.6.1"
source = "registry+https://github.com/rust-lang/crates.io-index"
dependencies = [
 "autocfg 1.0.1 (registry+https://github.com/rust-lang/crates.io-index)",
]

[[package]]
name = "nodrop"
version = "0.1.14"
source = "registry+https://github.com/rust-lang/crates.io-index"

[[package]]
name = "num-traits"
version = "0.2.14"
source = "registry+https://github.com/rust-lang/crates.io-index"
dependencies = [
 "autocfg 1.0.1 (registry+https://github.com/rust-lang/crates.io-index)",
]

[[package]]
name = "orbclient"
version = "0.3.21"

[[package]]
name = "orbfont"
version = "0.1.9"
dependencies = [
 "num-traits 0.2.14 (registry+https://github.com/rust-lang/crates.io-index)",
 "orbclient 0.3.21",
 "rusttype 0.7.5 (git+https://gitlab.redox-os.org/redox-os/rusttype.git?branch=no_std)",
]

[[package]]
name = "ordered-float"
version = "1.0.1"
source = "git+https://github.com/cbiffle/rust-ordered-float.git?branch=no-std#06bc834e97922f08c519b3032fa0c801305d584c"
dependencies = [
 "num-traits 0.2.14 (registry+https://github.com/rust-lang/crates.io-index)",
]

[[package]]
name = "plain"
version = "0.2.3"
source = "registry+https://github.com/rust-lang/crates.io-index"

[[package]]
name = "redox_dmi"
version = "0.1.5"
source = "registry+https://github.com/rust-lang/crates.io-index"
dependencies = [
 "plain 0.2.3 (registry+https://github.com/rust-lang/crates.io-index)",
]

[[package]]
name = "redox_hwio"
version = "0.1.3"
source = "registry+https://github.com/rust-lang/crates.io-index"

[[package]]
name = "redox_uefi"
version = "0.1.1"
source = "registry+https://github.com/rust-lang/crates.io-index"

[[package]]
name = "redox_uefi_alloc"
version = "0.1.0"
source = "registry+https://github.com/rust-lang/crates.io-index"
dependencies = [
 "redox_uefi 0.1.1 (registry+https://github.com/rust-lang/crates.io-index)",
]

[[package]]
name = "redox_uefi_std"
version = "0.1.4"
source = "registry+https://github.com/rust-lang/crates.io-index"
dependencies = [
 "redox_uefi 0.1.1 (registry+https://github.com/rust-lang/crates.io-index)",
 "redox_uefi_alloc 0.1.0 (registry+https://github.com/rust-lang/crates.io-index)",
]

[[package]]
name = "rlibc"
version = "1.0.0"
source = "registry+https://github.com/rust-lang/crates.io-index"

[[package]]
name = "rusttype"
version = "0.7.5"
source = "git+https://gitlab.redox-os.org/redox-os/rusttype.git?branch=no_std#68146e65ab59cbae38c89eb5543079806e9a465d"
dependencies = [
 "approx 0.3.2 (registry+https://github.com/rust-lang/crates.io-index)",
 "arrayvec 0.4.12 (registry+https://github.com/rust-lang/crates.io-index)",
 "num-traits 0.2.14 (registry+https://github.com/rust-lang/crates.io-index)",
 "ordered-float 1.0.1 (git+https://github.com/cbiffle/rust-ordered-float.git?branch=no-std)",
 "stb_truetype 0.2.6 (git+https://gitlab.redox-os.org/redox-os/stb_truetype-rs.git?branch=no_std)",
]

[[package]]
name = "spin"
version = "0.7.1"
source = "registry+https://github.com/rust-lang/crates.io-index"

[[package]]
name = "stb_truetype"
version = "0.2.6"
source = "git+https://gitlab.redox-os.org/redox-os/stb_truetype-rs.git?branch=no_std#401ee1d3c7c1a916c2f8b516ad9fb2e87ae11a44"
dependencies = [
 "byteorder 1.4.2 (registry+https://github.com/rust-lang/crates.io-index)",
 "num-traits 0.2.14 (registry+https://github.com/rust-lang/crates.io-index)",
]

[[package]]
name = "system76_ectool"
version = "0.2.4"
source = "git+https://github.com/system76/ec.git?branch=security#da5d8d231ed896831489c87b2928218619e2fdd4"
dependencies = [
 "redox_hwio 0.1.3 (registry+https://github.com/rust-lang/crates.io-index)",
]

[[package]]
name = "system76_firmware_setup"
version = "1.0.0"
dependencies = [
 "bitflags 1.2.1 (registry+https://github.com/rust-lang/crates.io-index)",
 "coreboot-table 0.1.6 (git+https://gitlab.redox-os.org/redox-os/coreboot-table.git)",
 "memoffset 0.6.1 (registry+https://github.com/rust-lang/crates.io-index)",
 "orbclient 0.3.21",
 "orbfont 0.1.9",
 "plain 0.2.3 (registry+https://github.com/rust-lang/crates.io-index)",
 "redox_dmi 0.1.5 (registry+https://github.com/rust-lang/crates.io-index)",
 "redox_hwio 0.1.3 (registry+https://github.com/rust-lang/crates.io-index)",
 "redox_uefi 0.1.1 (registry+https://github.com/rust-lang/crates.io-index)",
 "redox_uefi_std 0.1.4 (registry+https://github.com/rust-lang/crates.io-index)",
 "rlibc 1.0.0 (registry+https://github.com/rust-lang/crates.io-index)",
 "spin 0.7.1 (registry+https://github.com/rust-lang/crates.io-index)",
 "system76_ectool 0.2.4 (git+https://github.com/system76/ec.git?branch=security)",
]

[metadata]
"checksum approx 0.3.2 (registry+https://github.com/rust-lang/crates.io-index)" = "f0e60b75072ecd4168020818c0107f2857bb6c4e64252d8d3983f6263b40a5c3"
"checksum arrayvec 0.4.12 (registry+https://github.com/rust-lang/crates.io-index)" = "cd9fd44efafa8690358b7408d253adf110036b88f55672a933f01d616ad9b1b9"
"checksum autocfg 1.0.1 (registry+https://github.com/rust-lang/crates.io-index)" = "cdb031dd78e28731d87d56cc8ffef4a8f36ca26c38fe2de700543e627f8a464a"
"checksum bitflags 1.2.1 (registry+https://github.com/rust-lang/crates.io-index)" = "cf1de2fe8c75bc145a2f577add951f8134889b4795d47466a54a5c846d691693"
"checksum byteorder 1.4.2 (registry+https://github.com/rust-lang/crates.io-index)" = "ae44d1a3d5a19df61dd0c8beb138458ac2a53a7ac09eba97d55592540004306b"
"checksum coreboot-table 0.1.6 (git+https://gitlab.redox-os.org/redox-os/coreboot-table.git)" = "<none>"
"checksum memoffset 0.6.1 (registry+https://github.com/rust-lang/crates.io-index)" = "157b4208e3059a8f9e78d559edc658e13df41410cb3ae03979c83130067fdd87"
"checksum nodrop 0.1.14 (registry+https://github.com/rust-lang/crates.io-index)" = "72ef4a56884ca558e5ddb05a1d1e7e1bfd9a68d9ed024c21704cc98872dae1bb"
"checksum num-traits 0.2.14 (registry+https://github.com/rust-lang/crates.io-index)" = "9a64b1ec5cda2586e284722486d802acf1f7dbdc623e2bfc57e65ca1cd099290"
"checksum ordered-float 1.0.1 (git+https://github.com/cbiffle/rust-ordered-float.git?branch=no-std)" = "<none>"
"checksum plain 0.2.3 (registry+https://github.com/rust-lang/crates.io-index)" = "b4596b6d070b27117e987119b4dac604f3c58cfb0b191112e24771b2faeac1a6"
"checksum redox_dmi 0.1.5 (registry+https://github.com/rust-lang/crates.io-index)" = "a99ca13e2ee4afe0fa2a646db6ac800f6d077a789ee759085f7313092535a45f"
"checksum redox_hwio 0.1.3 (registry+https://github.com/rust-lang/crates.io-index)" = "41aa2c4c67329a04106644cad336238aa5adecfd73d06fb10339d472ce6d8070"
"checksum redox_uefi 0.1.1 (registry+https://github.com/rust-lang/crates.io-index)" = "76b1eb37daacaa876f0194974d5cb424031f0b3c7545662dc34789fdd32cdeca"
"checksum redox_uefi_alloc 0.1.0 (registry+https://github.com/rust-lang/crates.io-index)" = "72e7224e2106fdc2a35a33e38825f4867c3566671dc496fb67b992d05328e564"
"checksum redox_uefi_std 0.1.4 (registry+https://github.com/rust-lang/crates.io-index)" = "966712a3d98eb336708a08c3acaaae5e6de8a6db865fe47c3b017be4d826ec63"
"checksum rlibc 1.0.0 (registry+https://github.com/rust-lang/crates.io-index)" = "fc874b127765f014d792f16763a81245ab80500e2ad921ed4ee9e82481ee08fe"
"checksum rusttype 0.7.5 (git+https://gitlab.redox-os.org/redox-os/rusttype.git?branch=no_std)" = "<none>"
"checksum spin 0.7.1 (registry+https://github.com/rust-lang/crates.io-index)" = "13287b4da9d1207a4f4929ac390916d64eacfe236a487e9a9f5b3be392be5162"
"checksum stb_truetype 0.2.6 (git+https://gitlab.redox-os.org/redox-os/stb_truetype-rs.git?branch=no_std)" = "<none>"
"checksum system76_ectool 0.2.4 (git+https://github.com/system76/ec.git?branch=security)" = "<none>"
